// !$*UTF8*$!
{
	archiveVersion = 1;
	classes = {
	};
	objectVersion = 46;
	objects = {

/* Begin PBXBuildFile section */
		9ECBAB5316B98BB900575C47 /* UIKit.framework in Frameworks */ = {isa = PBXBuildFile; fileRef = 9ECBAB5216B98BB900575C47 /* UIKit.framework */; };
		9ECBAB5516B98BB900575C47 /* Foundation.framework in Frameworks */ = {isa = PBXBuildFile; fileRef = 9ECBAB5416B98BB900575C47 /* Foundation.framework */; };
		9ECBAB5716B98BB900575C47 /* CoreGraphics.framework in Frameworks */ = {isa = PBXBuildFile; fileRef = 9ECBAB5616B98BB900575C47 /* CoreGraphics.framework */; };
		9ECBAB5D16B98BB900575C47 /* InfoPlist.strings in Resources */ = {isa = PBXBuildFile; fileRef = 9ECBAB5B16B98BB900575C47 /* InfoPlist.strings */; };
		9ECBAB5F16B98BB900575C47 /* main.m in Sources */ = {isa = PBXBuildFile; fileRef = 9ECBAB5E16B98BB900575C47 /* main.m */; };
		9ECBAB6316B98BB900575C47 /* AppDelegate.m in Sources */ = {isa = PBXBuildFile; fileRef = 9ECBAB6216B98BB900575C47 /* AppDelegate.m */; };
		9ECBAB6516B98BB900575C47 /* Default.png in Resources */ = {isa = PBXBuildFile; fileRef = 9ECBAB6416B98BB900575C47 /* Default.png */; };
		9ECBAB6716B98BB900575C47 /* Default@2x.png in Resources */ = {isa = PBXBuildFile; fileRef = 9ECBAB6616B98BB900575C47 /* Default@2x.png */; };
		9ECBAB6916B98BB900575C47 /* Default-568h@2x.png in Resources */ = {isa = PBXBuildFile; fileRef = 9ECBAB6816B98BB900575C47 /* Default-568h@2x.png */; };
		9ECBAB6C16B98BB900575C47 /* MainStoryboard.storyboard in Resources */ = {isa = PBXBuildFile; fileRef = 9ECBAB6A16B98BB900575C47 /* MainStoryboard.storyboard */; };
		9ECBAB6F16B98BB900575C47 /* ViewController.m in Sources */ = {isa = PBXBuildFile; fileRef = 9ECBAB6E16B98BB900575C47 /* ViewController.m */; };
		9ECBAB7616B98BD600575C47 /* woodcut.jpg in Resources */ = {isa = PBXBuildFile; fileRef = 9ECBAB7516B98BD600575C47 /* woodcut.jpg */; };
		9ECBAB7816B98C5000575C47 /* README.md in Resources */ = {isa = PBXBuildFile; fileRef = 9ECBAB7716B98C5000575C47 /* README.md */; };
/* End PBXBuildFile section */

/* Begin PBXFileReference section */
		9ECBAB4E16B98BB900575C47 /* Temperature.app */ = {isa = PBXFileReference; explicitFileType = wrapper.application; includeInIndex = 0; path = Temperature.app; sourceTree = BUILT_PRODUCTS_DIR; };
		9ECBAB5216B98BB900575C47 /* UIKit.framework */ = {isa = PBXFileReference; lastKnownFileType = wrapper.framework; name = UIKit.framework; path = System/Library/Frameworks/UIKit.framework; sourceTree = SDKROOT; };
		9ECBAB5416B98BB900575C47 /* Foundation.framework */ = {isa = PBXFileReference; lastKnownFileType = wrapper.framework; name = Foundation.framework; path = System/Library/Frameworks/Foundation.framework; sourceTree = SDKROOT; };
		9ECBAB5616B98BB900575C47 /* CoreGraphics.framework */ = {isa = PBXFileReference; lastKnownFileType = wrapper.framework; name = CoreGraphics.framework; path = System/Library/Frameworks/CoreGraphics.framework; sourceTree = SDKROOT; };
		9ECBAB5A16B98BB900575C47 /* Temperature-Info.plist */ = {isa = PBXFileReference; lastKnownFileType = text.plist.xml; path = "Temperature-Info.plist"; sourceTree = "<group>"; };
		9ECBAB5C16B98BB900575C47 /* en */ = {isa = PBXFileReference; lastKnownFileType = text.plist.strings; name = en; path = en.lproj/InfoPlist.strings; sourceTree = "<group>"; };
		9ECBAB5E16B98BB900575C47 /* main.m */ = {isa = PBXFileReference; lastKnownFileType = sourcecode.c.objc; path = main.m; sourceTree = "<group>"; };
		9ECBAB6016B98BB900575C47 /* Temperature-Prefix.pch */ = {isa = PBXFileReference; lastKnownFileType = sourcecode.c.h; path = "Temperature-Prefix.pch"; sourceTree = "<group>"; };
		9ECBAB6116B98BB900575C47 /* AppDelegate.h */ = {isa = PBXFileReference; lastKnownFileType = sourcecode.c.h; path = AppDelegate.h; sourceTree = "<group>"; };
		9ECBAB6216B98BB900575C47 /* AppDelegate.m */ = {isa = PBXFileReference; lastKnownFileType = sourcecode.c.objc; path = AppDelegate.m; sourceTree = "<group>"; };
		9ECBAB6416B98BB900575C47 /* Default.png */ = {isa = PBXFileReference; lastKnownFileType = image.png; path = Default.png; sourceTree = "<group>"; };
		9ECBAB6616B98BB900575C47 /* Default@2x.png */ = {isa = PBXFileReference; lastKnownFileType = image.png; path = "Default@2x.png"; sourceTree = "<group>"; };
		9ECBAB6816B98BB900575C47 /* Default-568h@2x.png */ = {isa = PBXFileReference; lastKnownFileType = image.png; path = "Default-568h@2x.png"; sourceTree = "<group>"; };
		9ECBAB6B16B98BB900575C47 /* en */ = {isa = PBXFileReference; lastKnownFileType = file.storyboard; name = en; path = en.lproj/MainStoryboard.storyboard; sourceTree = "<group>"; };
		9ECBAB6D16B98BB900575C47 /* ViewController.h */ = {isa = PBXFileReference; lastKnownFileType = sourcecode.c.h; path = ViewController.h; sourceTree = "<group>"; };
		9ECBAB6E16B98BB900575C47 /* ViewController.m */ = {isa = PBXFileReference; lastKnownFileType = sourcecode.c.objc; path = ViewController.m; sourceTree = "<group>"; };
		9ECBAB7516B98BD600575C47 /* woodcut.jpg */ = {isa = PBXFileReference; lastKnownFileType = image.jpeg; path = woodcut.jpg; sourceTree = "<group>"; };
		9ECBAB7716B98C5000575C47 /* README.md */ = {isa = PBXFileReference; fileEncoding = 4; lastKnownFileType = text; name = README.md; path = ../../README.md; sourceTree = "<group>"; };
/* End PBXFileReference section */

/* Begin PBXFrameworksBuildPhase section */
		9ECBAB4B16B98BB900575C47 /* Frameworks */ = {
			isa = PBXFrameworksBuildPhase;
			buildActionMask = 2147483647;
			files = (
				9ECBAB5316B98BB900575C47 /* UIKit.framework in Frameworks */,
				9ECBAB5516B98BB900575C47 /* Foundation.framework in Frameworks */,
				9ECBAB5716B98BB900575C47 /* CoreGraphics.framework in Frameworks */,
			);
			runOnlyForDeploymentPostprocessing = 0;
		};
/* End PBXFrameworksBuildPhase section */

/* Begin PBXGroup section */
		9ECBAB4316B98BB900575C47 = {
			isa = PBXGroup;
			children = (
				9ECBAB5816B98BB900575C47 /* Temperature */,
				9ECBAB5116B98BB900575C47 /* Frameworks */,
				9ECBAB4F16B98BB900575C47 /* Products */,
			);
			sourceTree = "<group>";
		};
		9ECBAB4F16B98BB900575C47 /* Products */ = {
			isa = PBXGroup;
			children = (
				9ECBAB4E16B98BB900575C47 /* Temperature.app */,
			);
			name = Products;
			sourceTree = "<group>";
		};
		9ECBAB5116B98BB900575C47 /* Frameworks */ = {
			isa = PBXGroup;
			children = (
				9ECBAB5216B98BB900575C47 /* UIKit.framework */,
				9ECBAB5416B98BB900575C47 /* Foundation.framework */,
				9ECBAB5616B98BB900575C47 /* CoreGraphics.framework */,
			);
			name = Frameworks;
			sourceTree = "<group>";
		};
		9ECBAB5816B98BB900575C47 /* Temperature */ = {
			isa = PBXGroup;
			children = (
				9ECBAB7716B98C5000575C47 /* README.md */,
				9ECBAB6116B98BB900575C47 /* AppDelegate.h */,
				9ECBAB6216B98BB900575C47 /* AppDelegate.m */,
				9ECBAB6A16B98BB900575C47 /* MainStoryboard.storyboard */,
				9ECBAB6D16B98BB900575C47 /* ViewController.h */,
				9ECBAB6E16B98BB900575C47 /* ViewController.m */,
				9ECBAB5916B98BB900575C47 /* Supporting Files */,
			);
			path = Temperature;
			sourceTree = "<group>";
		};
		9ECBAB5916B98BB900575C47 /* Supporting Files */ = {
			isa = PBXGroup;
			children = (
				9ECBAB7516B98BD600575C47 /* woodcut.jpg */,
				9ECBAB5A16B98BB900575C47 /* Temperature-Info.plist */,
				9ECBAB5B16B98BB900575C47 /* InfoPlist.strings */,
				9ECBAB5E16B98BB900575C47 /* main.m */,
				9ECBAB6016B98BB900575C47 /* Temperature-Prefix.pch */,
				9ECBAB6416B98BB900575C47 /* Default.png */,
				9ECBAB6616B98BB900575C47 /* Default@2x.png */,
				9ECBAB6816B98BB900575C47 /* Default-568h@2x.png */,
			);
			name = "Supporting Files";
			sourceTree = "<group>";
		};
/* End PBXGroup section */

/* Begin PBXNativeTarget section */
		9ECBAB4D16B98BB900575C47 /* Temperature */ = {
			isa = PBXNativeTarget;
			buildConfigurationList = 9ECBAB7216B98BB900575C47 /* Build configuration list for PBXNativeTarget "Temperature" */;
			buildPhases = (
				9ECBAB4A16B98BB900575C47 /* Sources */,
				9ECBAB4B16B98BB900575C47 /* Frameworks */,
				9ECBAB4C16B98BB900575C47 /* Resources */,
			);
			buildRules = (
			);
			dependencies = (
			);
			name = Temperature;
			productName = Temperature;
			productReference = 9ECBAB4E16B98BB900575C47 /* Temperature.app */;
			productType = "com.apple.product-type.application";
		};
/* End PBXNativeTarget section */

/* Begin PBXProject section */
		9ECBAB4516B98BB900575C47 /* Project object */ = {
			isa = PBXProject;
			attributes = {
				LastUpgradeCheck = 0450;
				ORGANIZATIONNAME = Snowyla;
			};
			buildConfigurationList = 9ECBAB4816B98BB900575C47 /* Build configuration list for PBXProject "Temperature" */;
			compatibilityVersion = "Xcode 3.2";
			developmentRegion = English;
			hasScannedForEncodings = 0;
			knownRegions = (
				en,
			);
			mainGroup = 9ECBAB4316B98BB900575C47;
			productRefGroup = 9ECBAB4F16B98BB900575C47 /* Products */;
			projectDirPath = "";
			projectRoot = "";
			targets = (
				9ECBAB4D16B98BB900575C47 /* Temperature */,
			);
		};
/* End PBXProject section */

/* Begin PBXResourcesBuildPhase section */
		9ECBAB4C16B98BB900575C47 /* Resources */ = {
			isa = PBXResourcesBuildPhase;
			buildActionMask = 2147483647;
			files = (
				9ECBAB5D16B98BB900575C47 /* InfoPlist.strings in Resources */,
				9ECBAB6516B98BB900575C47 /* Default.png in Resources */,
				9ECBAB6716B98BB900575C47 /* Default@2x.png in Resources */,
				9ECBAB6916B98BB900575C47 /* Default-568h@2x.png in Resources */,
				9ECBAB6C16B98BB900575C47 /* MainStoryboard.storyboard in Resources */,
				9ECBAB7616B98BD600575C47 /* woodcut.jpg in Resources */,
				9ECBAB7816B98C5000575C47 /* README.md in Resources */,
			);
			runOnlyForDeploymentPostprocessing = 0;
		};
/* End PBXResourcesBuildPhase section */

/* Begin PBXSourcesBuildPhase section */
		9ECBAB4A16B98BB900575C47 /* Sources */ = {
			isa = PBXSourcesBuildPhase;
			buildActionMask = 2147483647;
			files = (
				9ECBAB5F16B98BB900575C47 /* main.m in Sources */,
				9ECBAB6316B98BB900575C47 /* AppDelegate.m in Sources */,
				9ECBAB6F16B98BB900575C47 /* ViewController.m in Sources */,
			);
			runOnlyForDeploymentPostprocessing = 0;
		};
/* End PBXSourcesBuildPhase section */

/* Begin PBXVariantGroup section */
		9ECBAB5B16B98BB900575C47 /* InfoPlist.strings */ = {
			isa = PBXVariantGroup;
			children = (
				9ECBAB5C16B98BB900575C47 /* en */,
			);
			name = InfoPlist.strings;
			sourceTree = "<group>";
		};
		9ECBAB6A16B98BB900575C47 /* MainStoryboard.storyboard */ = {
			isa = PBXVariantGroup;
			children = (
				9ECBAB6B16B98BB900575C47 /* en */,
			);
			name = MainStoryboard.storyboard;
			sourceTree = "<group>";
		};
/* End PBXVariantGroup section */

/* Begin XCBuildConfiguration section */
		9ECBAB7016B98BB900575C47 /* Debug */ = {
			isa = XCBuildConfiguration;
			buildSettings = {
				ALWAYS_SEARCH_USER_PATHS = NO;
				CLANG_CXX_LANGUAGE_STANDARD = "gnu++0x";
				CLANG_CXX_LIBRARY = "libc++";
				CLANG_ENABLE_OBJC_ARC = YES;
				CLANG_WARN_EMPTY_BODY = YES;
				CLANG_WARN__DUPLICATE_METHOD_MATCH = YES;
				"CODE_SIGN_IDENTITY[sdk=iphoneos*]" = "iPhone Developer";
				COPY_PHASE_STRIP = NO;
				GCC_C_LANGUAGE_STANDARD = gnu99;
				GCC_DYNAMIC_NO_PIC = NO;
				GCC_OPTIMIZATION_LEVEL = 0;
				GCC_PREPROCESSOR_DEFINITIONS = (
					"DEBUG=1",
					"$(inherited)",
				);
				GCC_SYMBOLS_PRIVATE_EXTERN = NO;
				GCC_WARN_ABOUT_RETURN_TYPE = YES;
				GCC_WARN_UNINITIALIZED_AUTOS = YES;
				GCC_WARN_UNUSED_VARIABLE = YES;
				IPHONEOS_DEPLOYMENT_TARGET = 6.0;
				ONLY_ACTIVE_ARCH = YES;
				SDKROOT = iphoneos;
			};
			name = Debug;
		};
		9ECBAB7116B98BB900575C47 /* Release */ = {
			isa = XCBuildConfiguration;
			buildSettings = {
				ALWAYS_SEARCH_USER_PATHS = NO;
				CLANG_CXX_LANGUAGE_STANDARD = "gnu++0x";
				CLANG_CXX_LIBRARY = "libc++";
				CLANG_ENABLE_OBJC_ARC = YES;
				CLANG_WARN_EMPTY_BODY = YES;
				CLANG_WARN__DUPLICATE_METHOD_MATCH = YES;
				"CODE_SIGN_IDENTITY[sdk=iphoneos*]" = "iPhone Developer";
				COPY_PHASE_STRIP = YES;
				GCC_C_LANGUAGE_STANDARD = gnu99;
				GCC_WARN_ABOUT_RETURN_TYPE = YES;
				GCC_WARN_UNINITIALIZED_AUTOS = YES;
				GCC_WARN_UNUSED_VARIABLE = YES;
				IPHONEOS_DEPLOYMENT_TARGET = 6.0;
				OTHER_CFLAGS = "-DNS_BLOCK_ASSERTIONS=1";
				SDKROOT = iphoneos;
				VALIDATE_PRODUCT = YES;
			};
			name = Release;
		};
		9ECBAB7316B98BB900575C47 /* Debug */ = {
			isa = XCBuildConfiguration;
			buildSettings = {
				GCC_PRECOMPILE_PREFIX_HEADER = YES;
				GCC_PREFIX_HEADER = "Temperature/Temperature-Prefix.pch";
				INFOPLIST_FILE = "Temperature/Temperature-Info.plist";
				PRODUCT_NAME = "$(TARGET_NAME)";
				WRAPPER_EXTENSION = app;
			};
			name = Debug;
		};
		9ECBAB7416B98BB900575C47 /* Release */ = {
			isa = XCBuildConfiguration;
			buildSettings = {
				GCC_PRECOMPILE_PREFIX_HEADER = YES;
				GCC_PREFIX_HEADER = "Temperature/Temperature-Prefix.pch";
				INFOPLIST_FILE = "Temperature/Temperature-Info.plist";
				PRODUCT_NAME = "$(TARGET_NAME)";
				WRAPPER_EXTENSION = app;
			};
			name = Release;
		};
/* End XCBuildConfiguration section */

/* Begin XCConfigurationList section */
		9ECBAB4816B98BB900575C47 /* Build configuration list for PBXProject "Temperature" */ = {
			isa = XCConfigurationList;
			buildConfigurations = (
				9ECBAB7016B98BB900575C47 /* Debug */,
				9ECBAB7116B98BB900575C47 /* Release */,
			);
			defaultConfigurationIsVisible = 0;
			defaultConfigurationName = Release;
		};
		9ECBAB7216B98BB900575C47 /* Build configuration list for PBXNativeTarget "Temperature" */ = {
			isa = XCConfigurationList;
			buildConfigurations = (
				9ECBAB7316B98BB900575C47 /* Debug */,
				9ECBAB7416B98BB900575C47 /* Release */,
			);
			defaultConfigurationIsVisible = 0;
		};
/* End XCConfigurationList section */
	};
	rootObject = 9ECBAB4516B98BB900575C47 /* Project object */;
}
